
Microsoft Visual Studio Solution File, Format Version 12.00
Project("{FAE04EC0-301F-11D3-BF4B-00C04F79EFBC}") = "Tests", "Tests\Tests.csproj", "{A388B5B2-D9C9-4728-808E-F06F25707409}"
EndProject
Project("{FAE04EC0-301F-11D3-BF4B-00C04F79EFBC}") = "Simulator", "Simulator\Simulator.csproj", "{FCD0BA12-38C8-4FDE-BDF8-6CFADBFF9D84}"
EndProject
Project("{FAE04EC0-301F-11D3-BF4B-00C04F79EFBC}") = "Generator", "Generator\Generator.csproj", "{54FE47B2-C9BA-42C8-AA6C-6ACE697448EE}"
EndProject
Project("{D954291E-2A0B-460D-934E-DC6B0785DB48}") = "Documentation", "Documentation\Documentation.shproj", "{BAEF5755-A1BD-49E8-A832-D5AC97ADF012}"
EndProject
Global
	GlobalSection(SolutionConfigurationPlatforms) = preSolution
		Debug|Any CPU = Debug|Any CPU
		Release|Any CPU = Release|Any CPU
	EndGlobalSection
	GlobalSection(ProjectConfigurationPlatforms) = postSolution
		{A388B5B2-D9C9-4728-808E-F06F25707409}.Debug|Any CPU.ActiveCfg = Debug|Any CPU
		{A388B5B2-D9C9-4728-808E-F06F25707409}.Debug|Any CPU.Build.0 = Debug|Any CPU
		{A388B5B2-D9C9-4728-808E-F06F25707409}.Release|Any CPU.ActiveCfg = Release|Any CPU
		{A388B5B2-D9C9-4728-808E-F06F25707409}.Release|Any CPU.Build.0 = Release|Any CPU
		{FCD0BA12-38C8-4FDE-BDF8-6CFADBFF9D84}.Debug|Any CPU.ActiveCfg = Debug|Any CPU
		{FCD0BA12-38C8-4FDE-BDF8-6CFADBFF9D84}.Debug|Any CPU.Build.0 = Debug|Any CPU
		{FCD0BA12-38C8-4FDE-BDF8-6CFADBFF9D84}.Release|Any CPU.ActiveCfg = Release|Any CPU
		{FCD0BA12-38C8-4FDE-BDF8-6CFADBFF9D84}.Release|Any CPU.Build.0 = Release|Any CPU
		{54FE47B2-C9BA-42C8-AA6C-6ACE697448EE}.Debug|Any CPU.ActiveCfg = Debug|Any CPU
		{54FE47B2-C9BA-42C8-AA6C-6ACE697448EE}.Debug|Any CPU.Build.0 = Debug|Any CPU
		{54FE47B2-C9BA-42C8-AA6C-6ACE697448EE}.Release|Any CPU.ActiveCfg = Release|Any CPU
		{54FE47B2-C9BA-42C8-AA6C-6ACE697448EE}.Release|Any CPU.Build.0 = Release|Any CPU
	EndGlobalSection
EndGlobal
